Microsoft Visual Studio Solution File, Format Version 12.00
# Visual Studio 15
VisualStudioVersion = 15.0.26430.12
MinimumVisualStudioVersion = 10.0.40219.1
Project("{FAE04EC0-301F-11D3-BF4B-00C04F79EFBC}") = "Views", "Conteudo\Views.csproj", "{E31D83AB-860B-498A-B448-2519075DA112}"
EndProject
Project("{FAE04EC0-301F-11D3-BF4B-00C04F79EFBC}") = "Controllers", "Controllers\Controllers.csproj", "{A6148D55-E9B1-4EA5-9E56-DDDEE4F5AB7D}"
EndProject
Project("{FAE04EC0-301F-11D3-BF4B-00C04F79EFBC}") = "Models", "Models\Models.csproj", "{3418DBD1-73E4-4E01-9A5B-734DB475A351}"
EndProject
Global
	GlobalSection(SolutionConfigurationPlatforms) = preSolution
		Debug|Any CPU = Debug|Any CPU
		Release|Any CPU = Release|Any CPU
	EndGlobalSection
	GlobalSection(ProjectConfigurationPlatforms) = postSolution
		{E31D83AB-860B-498A-B448-2519075DA112}.Debug|Any CPU.ActiveCfg = Debug|Any CPU
		{E31D83AB-860B-498A-B448-2519075DA112}.Debug|Any CPU.Build.0 = Debug|Any CPU
		{E31D83AB-860B-498A-B448-2519075DA112}.Release|Any CPU.ActiveCfg = Release|Any CPU
		{E31D83AB-860B-498A-B448-2519075DA112}.Release|Any CPU.Build.0 = Release|Any CPU
		{A6148D55-E9B1-4EA5-9E56-DDDEE4F5AB7D}.Debug|Any CPU.ActiveCfg = Debug|Any CPU
		{A6148D55-E9B1-4EA5-9E56-DDDEE4F5AB7D}.Debug|Any CPU.Build.0 = Debug|Any CPU
		{A6148D55-E9B1-4EA5-9E56-DDDEE4F5AB7D}.Release|Any CPU.ActiveCfg = Release|Any CPU
		{A6148D55-E9B1-4EA5-9E56-DDDEE4F5AB7D}.Release|Any CPU.Build.0 = Release|Any CPU
		{3418DBD1-73E4-4E01-9A5B-734DB475A351}.Debug|Any CPU.ActiveCfg = Debug|Any CPU
		{3418DBD1-73E4-4E01-9A5B-734DB475A351}.Debug|Any CPU.Build.0 = Debug|Any CPU
		{3418DBD1-73E4-4E01-9A5B-734DB475A351}.Release|Any CPU.ActiveCfg = Release|Any CPU
		{3418DBD1-73E4-4E01-9A5B-734DB475A351}.Release|Any CPU.Build.0 = Release|Any CPU
	EndGlobalSection
	GlobalSection(SolutionProperties) = preSolution
		HideSolutionNode = FALSE
	EndGlobalSection
	GlobalSection(ExtensibilityGlobals) = postSolution
		SolutionGuid = {F8D001B1-2D71-4B4F-808E-10E4D47F970C}
	EndGlobalSection
EndGlobal
